
Microsoft Visual Studio Solution File, Format Version 12.00
Project("{FAE04EC0-301F-11D3-BF4B-00C04F79EFBC}") = "Solution", "Solution\Solution.csproj", "{F1C9B643-FB41-4669-B1BC-58C2CF05DD19}"
EndProject
Project("{FAE04EC0-301F-11D3-BF4B-00C04F79EFBC}") = "Tests", "Tests\Tests.csproj", "{C920928D-5EE5-4229-AAF9-89CC391B4364}"
EndProject
Global
	GlobalSection(SolutionConfigurationPlatforms) = preSolution
		Debug|Any CPU = Debug|Any CPU
		Release|Any CPU = Release|Any CPU
	EndGlobalSection
	GlobalSection(ProjectConfigurationPlatforms) = postSolution
		{F1C9B643-FB41-4669-B1BC-58C2CF05DD19}.Debug|Any CPU.ActiveCfg = Debug|Any CPU
		{F1C9B643-FB41-4669-B1BC-58C2CF05DD19}.Debug|Any CPU.Build.0 = Debug|Any CPU
		{F1C9B643-FB41-4669-B1BC-58C2CF05DD19}.Release|Any CPU.ActiveCfg = Release|Any CPU
		{F1C9B643-FB41-4669-B1BC-58C2CF05DD19}.Release|Any CPU.Build.0 = Release|Any CPU
		{C920928D-5EE5-4229-AAF9-89CC391B4364}.Debug|Any CPU.ActiveCfg = Debug|Any CPU
		{C920928D-5EE5-4229-AAF9-89CC391B4364}.Debug|Any CPU.Build.0 = Debug|Any CPU
		{C920928D-5EE5-4229-AAF9-89CC391B4364}.Release|Any CPU.ActiveCfg = Release|Any CPU
		{C920928D-5EE5-4229-AAF9-89CC391B4364}.Release|Any CPU.Build.0 = Release|Any CPU
	EndGlobalSection
EndGlobal
